
Microsoft Visual Studio Solution File, Format Version 12.00
# Visual Studio 15
VisualStudioVersion = 15.0.27130.2027
MinimumVisualStudioVersion = 10.0.40219.1
Project("{2150E333-8FDC-42A3-9474-1A3956D46DE8}") = "src", "src", "{1E1E8365-5FD4-473C-B077-9BE9A5FF21B3}"
EndProject
Project("{2150E333-8FDC-42A3-9474-1A3956D46DE8}") = "Services", "Services", "{FE4470C5-8653-4A23-9C64-93DF927D354F}"
EndProject
Project("{2150E333-8FDC-42A3-9474-1A3956D46DE8}") = "Web", "Web", "{ED09D417-8C7F-4D15-9B09-4AD52278D22E}"
EndProject
Project("{2150E333-8FDC-42A3-9474-1A3956D46DE8}") = "Organizations", "Organizations", "{0BCD285D-E73A-4D3F-BEC7-4D63D1EA8D7D}"
EndProject
Project("{9A19103F-16F7-4668-BE54-9A1E7A4F7556}") = "Zhiji.Admin", "src\Web\Zhiji.Admin\Zhiji.Admin.csproj", "{CB568595-9A1C-4772-B644-F13D4DB4F6E1}"
EndProject
Project("{2150E333-8FDC-42A3-9474-1A3956D46DE8}") = "Common", "Common", "{A7770DBD-65C9-4C6C-AEA9-DBF6CA590B3D}"
EndProject
Project("{2150E333-8FDC-42A3-9474-1A3956D46DE8}") = "test", "test", "{D24E31C8-6539-4F31-AE93-CEB7443BE79B}"
EndProject
Project("{2150E333-8FDC-42A3-9474-1A3956D46DE8}") = "Services", "Services", "{9BE532C0-0CCF-4FC8-947D-48FBBA03926A}"
EndProject
Project("{9A19103F-16F7-4668-BE54-9A1E7A4F7556}") = "Zhiji.Test.Common", "test\Zhiji.Test.Common\Zhiji.Test.Common.csproj", "{C069DFB3-B573-4C64-8B69-B05696981024}"
EndProject
Project("{2150E333-8FDC-42A3-9474-1A3956D46DE8}") = "Customers", "Customers", "{3C1A93E9-23AC-426C-9AE4-4B1BB231B83A}"
EndProject
Project("{9A19103F-16F7-4668-BE54-9A1E7A4F7556}") = "Zhiji.Organizations.Api", "src\Services\Organizations\Zhiji.Organizations.Api\Zhiji.Organizations.Api.csproj", "{AC5B67F7-22AB-4300-8155-671B07A3B500}"
EndProject
Project("{9A19103F-16F7-4668-BE54-9A1E7A4F7556}") = "Zhiji.Organizations.Domain", "src\Services\Organizations\Zhiji.Organizations.Domain\Zhiji.Organizations.Domain.csproj", "{F3943DD2-8ED4-4560-A197-5A7AF056618D}"
EndProject
Project("{9A19103F-16F7-4668-BE54-9A1E7A4F7556}") = "Zhiji.Organizations.Infrastructure", "src\Services\Organizations\Zhiji.Organizations.Infrastructure\Zhiji.Organizations.Infrastructure.csproj", "{20C3E4CD-0328-48D1-978C-9B3A8A7E3DF2}"
EndProject
Project("{9A19103F-16F7-4668-BE54-9A1E7A4F7556}") = "Zhiji.Services.IntegrationTest", "test\Services\Zhiji.Services.IntegrationTest\Zhiji.Services.IntegrationTest.csproj", "{3DC40CE4-B836-492C-8F53-B37E5AD789E4}"
EndProject
Project("{9A19103F-16F7-4668-BE54-9A1E7A4F7556}") = "Zhiji.Services.UnitTest", "test\Services\Zhiji.Services.UnitTest\Zhiji.Services.UnitTest.csproj", "{C0296476-A43B-44E8-85B4-9D4D73EA0A5C}"
EndProject
Project("{9A19103F-16F7-4668-BE54-9A1E7A4F7556}") = "Zhiji.Customers.Api", "src\Services\Customers\Zhiji.Customers.Api\Zhiji.Customers.Api.csproj", "{31FFFF03-A9D5-426D-8279-971B9768F6E3}"
EndProject
Project("{9A19103F-16F7-4668-BE54-9A1E7A4F7556}") = "Zhiji.Customers.Domain", "src\Services\Customers\Zhiji.Customers.Domain\Zhiji.Customers.Domain.csproj", "{51C1A189-A0E7-4A7F-8A7E-2840AA8B9A9B}"
EndProject
Project("{2150E333-8FDC-42A3-9474-1A3956D46DE8}") = "Contracts", "Contracts", "{1C11652C-FADC-4D74-928A-D462BA20C195}"
EndProject
Project("{9A19103F-16F7-4668-BE54-9A1E7A4F7556}") = "Zhiji.Customers.Infrastructure", "src\Services\Customers\Zhiji.Customers.Infrastructure\Zhiji.Customers.Infrastructure.csproj", "{7F35BF5E-D584-4445-A1BF-314A9F52331F}"
EndProject
Project("{9A19103F-16F7-4668-BE54-9A1E7A4F7556}") = "Zhiji.Contracts.Domain", "src\Services\Contracts\Zhiji.Contracts.Domain\Zhiji.Contracts.Domain.csproj", "{C3FEDC01-1837-4615-B9A9-6ED513C4DB2D}"
EndProject
Project("{9A19103F-16F7-4668-BE54-9A1E7A4F7556}") = "Zhiji.Contracts.Api", "src\Services\Contracts\Zhiji.Contracts.Api\Zhiji.Contracts.Api.csproj", "{39CDFCAF-4B26-4FA0-800C-524339DA6C63}"
EndProject
Project("{9A19103F-16F7-4668-BE54-9A1E7A4F7556}") = "Zhiji.Contracts.Infrastructure", "src\Services\Contracts\Zhiji.Contracts.Infrastructure\Zhiji.Contracts.Infrastructure.csproj", "{3B10BD30-B55A-415D-84BA-7797EC583C0E}"
EndProject
Project("{9A19103F-16F7-4668-BE54-9A1E7A4F7556}") = "Zhiji.Contracts.BackgroundJobs", "src\Services\Contracts\Zhiji.Contracts.BackgroundJobs\Zhiji.Contracts.BackgroundJobs.csproj", "{393BE261-642E-4392-BDDF-39FE8E156950}"
EndProject
Project("{2150E333-8FDC-42A3-9474-1A3956D46DE8}") = "Bills", "Bills", "{D89800EF-B6D8-4FF7-B967-1D44825A1DA8}"
EndProject
Project("{9A19103F-16F7-4668-BE54-9A1E7A4F7556}") = "Zhiji.Bills.Api", "src\Services\Bills\Zhiji.Bills.Api\Zhiji.Bills.Api.csproj", "{C6FCBF5B-79FD-4940-9070-1FCE8BC52595}"
EndProject
Project("{9A19103F-16F7-4668-BE54-9A1E7A4F7556}") = "Zhiji.Bills.BackgroundJobs", "src\Services\Bills\Zhiji.Bills.BackgroundJobs\Zhiji.Bills.BackgroundJobs.csproj", "{FDE00C47-9C16-4090-932F-791DFAC811D4}"
EndProject
Project("{9A19103F-16F7-4668-BE54-9A1E7A4F7556}") = "Zhiji.Bills.Infrastructure", "src\Services\Bills\Zhiji.Bills.Infrastructure\Zhiji.Bills.Infrastructure.csproj", "{7AE78B1A-A8D6-400A-A365-B63810741978}"
EndProject
Project("{9A19103F-16F7-4668-BE54-9A1E7A4F7556}") = "Zhiji.Bills.Domain", "src\Services\Bills\Zhiji.Bills.Domain\Zhiji.Bills.Domain.csproj", "{35C09739-F5AD-4659-AA22-D0C0F82084DC}"
EndProject
Project("{2150E333-8FDC-42A3-9474-1A3956D46DE8}") = "EventBus", "EventBus", "{11572D68-CD7F-4AA1-964E-610A412A00F8}"
EndProject
Project("{9A19103F-16F7-4668-BE54-9A1E7A4F7556}") = "IntegrationEventLog", "src\EventBus\IntegrationEventLog\IntegrationEventLog.csproj", "{768E3918-E710-49B6-88DC-1FEC641C9C05}"
EndProject
Project("{9A19103F-16F7-4668-BE54-9A1E7A4F7556}") = "Zhiji.Common", "src\Common\Zhiji.Common\Zhiji.Common.csproj", "{55ECD352-3086-4A2E-89EC-7AEB287E4B72}"
EndProject
Project("{9A19103F-16F7-4668-BE54-9A1E7A4F7556}") = "Zhiji.Common.AspNetCore", "src\Common\Zhiji.Common.AspNetCore\Zhiji.Common.AspNetCore.csproj", "{467E5E91-5B4D-4C7C-B45F-D468C274C1BA}"
EndProject
Project("{9A19103F-16F7-4668-BE54-9A1E7A4F7556}") = "Zhiji.Common.Domain", "src\Common\Zhiji.Common.Domain\Zhiji.Common.Domain.csproj", "{F98DF358-C19B-42EA-9711-A97BF0D8C046}"
EndProject
Project("{9A19103F-16F7-4668-BE54-9A1E7A4F7556}") = "Zhiji.Common.EntityFrameworkCore", "src\Common\Zhiji.Common.EntityFrameworkCore\Zhiji.Common.EntityFrameworkCore.csproj", "{C1523333-F7D5-4BA4-B009-BFA4E557F3E2}"
EndProject
Global
	GlobalSection(SolutionConfigurationPlatforms) = preSolution
		Debug|Any CPU = Debug|Any CPU
		Release|Any CPU = Release|Any CPU
	EndGlobalSection
	GlobalSection(ProjectConfigurationPlatforms) = postSolution
		{CB568595-9A1C-4772-B644-F13D4DB4F6E1}.Debug|Any CPU.ActiveCfg = Debug|Any CPU
		{CB568595-9A1C-4772-B644-F13D4DB4F6E1}.Debug|Any CPU.Build.0 = Debug|Any CPU
		{CB568595-9A1C-4772-B644-F13D4DB4F6E1}.Release|Any CPU.ActiveCfg = Release|Any CPU
		{CB568595-9A1C-4772-B644-F13D4DB4F6E1}.Release|Any CPU.Build.0 = Release|Any CPU
		{C069DFB3-B573-4C64-8B69-B05696981024}.Debug|Any CPU.ActiveCfg = Debug|Any CPU
		{C069DFB3-B573-4C64-8B69-B05696981024}.Debug|Any CPU.Build.0 = Debug|Any CPU
		{C069DFB3-B573-4C64-8B69-B05696981024}.Release|Any CPU.ActiveCfg = Release|Any CPU
		{C069DFB3-B573-4C64-8B69-B05696981024}.Release|Any CPU.Build.0 = Release|Any CPU
		{AC5B67F7-22AB-4300-8155-671B07A3B500}.Debug|Any CPU.ActiveCfg = Debug|Any CPU
		{AC5B67F7-22AB-4300-8155-671B07A3B500}.Debug|Any CPU.Build.0 = Debug|Any CPU
		{AC5B67F7-22AB-4300-8155-671B07A3B500}.Release|Any CPU.ActiveCfg = Release|Any CPU
		{AC5B67F7-22AB-4300-8155-671B07A3B500}.Release|Any CPU.Build.0 = Release|Any CPU
		{F3943DD2-8ED4-4560-A197-5A7AF056618D}.Debug|Any CPU.ActiveCfg = Debug|Any CPU
		{F3943DD2-8ED4-4560-A197-5A7AF056618D}.Debug|Any CPU.Build.0 = Debug|Any CPU
		{F3943DD2-8ED4-4560-A197-5A7AF056618D}.Release|Any CPU.ActiveCfg = Release|Any CPU
		{F3943DD2-8ED4-4560-A197-5A7AF056618D}.Release|Any CPU.Build.0 = Release|Any CPU
		{20C3E4CD-0328-48D1-978C-9B3A8A7E3DF2}.Debug|Any CPU.ActiveCfg = Debug|Any CPU
		{20C3E4CD-0328-48D1-978C-9B3A8A7E3DF2}.Debug|Any CPU.Build.0 = Debug|Any CPU
		{20C3E4CD-0328-48D1-978C-9B3A8A7E3DF2}.Release|Any CPU.ActiveCfg = Release|Any CPU
		{20C3E4CD-0328-48D1-978C-9B3A8A7E3DF2}.Release|Any CPU.Build.0 = Release|Any CPU
		{3DC40CE4-B836-492C-8F53-B37E5AD789E4}.Debug|Any CPU.ActiveCfg = Debug|Any CPU
		{3DC40CE4-B836-492C-8F53-B37E5AD789E4}.Debug|Any CPU.Build.0 = Debug|Any CPU
		{3DC40CE4-B836-492C-8F53-B37E5AD789E4}.Release|Any CPU.ActiveCfg = Release|Any CPU
		{3DC40CE4-B836-492C-8F53-B37E5AD789E4}.Release|Any CPU.Build.0 = Release|Any CPU
		{C0296476-A43B-44E8-85B4-9D4D73EA0A5C}.Debug|Any CPU.ActiveCfg = Debug|Any CPU
		{C0296476-A43B-44E8-85B4-9D4D73EA0A5C}.Debug|Any CPU.Build.0 = Debug|Any CPU
		{C0296476-A43B-44E8-85B4-9D4D73EA0A5C}.Release|Any CPU.ActiveCfg = Release|Any CPU
		{C0296476-A43B-44E8-85B4-9D4D73EA0A5C}.Release|Any CPU.Build.0 = Release|Any CPU
		{31FFFF03-A9D5-426D-8279-971B9768F6E3}.Debug|Any CPU.ActiveCfg = Debug|Any CPU
		{31FFFF03-A9D5-426D-8279-971B9768F6E3}.Debug|Any CPU.Build.0 = Debug|Any CPU
		{31FFFF03-A9D5-426D-8279-971B9768F6E3}.Release|Any CPU.ActiveCfg = Release|Any CPU
		{31FFFF03-A9D5-426D-8279-971B9768F6E3}.Release|Any CPU.Build.0 = Release|Any CPU
		{51C1A189-A0E7-4A7F-8A7E-2840AA8B9A9B}.Debug|Any CPU.ActiveCfg = Debug|Any CPU
		{51C1A189-A0E7-4A7F-8A7E-2840AA8B9A9B}.Debug|Any CPU.Build.0 = Debug|Any CPU
		{51C1A189-A0E7-4A7F-8A7E-2840AA8B9A9B}.Release|Any CPU.ActiveCfg = Release|Any CPU
		{51C1A189-A0E7-4A7F-8A7E-2840AA8B9A9B}.Release|Any CPU.Build.0 = Release|Any CPU
		{7F35BF5E-D584-4445-A1BF-314A9F52331F}.Debug|Any CPU.ActiveCfg = Debug|Any CPU
		{7F35BF5E-D584-4445-A1BF-314A9F52331F}.Debug|Any CPU.Build.0 = Debug|Any CPU
		{7F35BF5E-D584-4445-A1BF-314A9F52331F}.Release|Any CPU.ActiveCfg = Release|Any CPU
		{7F35BF5E-D584-4445-A1BF-314A9F52331F}.Release|Any CPU.Build.0 = Release|Any CPU
		{C3FEDC01-1837-4615-B9A9-6ED513C4DB2D}.Debug|Any CPU.ActiveCfg = Debug|Any CPU
		{C3FEDC01-1837-4615-B9A9-6ED513C4DB2D}.Debug|Any CPU.Build.0 = Debug|Any CPU
		{C3FEDC01-1837-4615-B9A9-6ED513C4DB2D}.Release|Any CPU.ActiveCfg = Release|Any CPU
		{C3FEDC01-1837-4615-B9A9-6ED513C4DB2D}.Release|Any CPU.Build.0 = Release|Any CPU
		{39CDFCAF-4B26-4FA0-800C-524339DA6C63}.Debug|Any CPU.ActiveCfg = Debug|Any CPU
		{39CDFCAF-4B26-4FA0-800C-524339DA6C63}.Debug|Any CPU.Build.0 = Debug|Any CPU
		{39CDFCAF-4B26-4FA0-800C-524339DA6C63}.Release|Any CPU.ActiveCfg = Release|Any CPU
		{39CDFCAF-4B26-4FA0-800C-524339DA6C63}.Release|Any CPU.Build.0 = Release|Any CPU
		{3B10BD30-B55A-415D-84BA-7797EC583C0E}.Debug|Any CPU.ActiveCfg = Debug|Any CPU
		{3B10BD30-B55A-415D-84BA-7797EC583C0E}.Debug|Any CPU.Build.0 = Debug|Any CPU
		{3B10BD30-B55A-415D-84BA-7797EC583C0E}.Release|Any CPU.ActiveCfg = Release|Any CPU
		{3B10BD30-B55A-415D-84BA-7797EC583C0E}.Release|Any CPU.Build.0 = Release|Any CPU
		{393BE261-642E-4392-BDDF-39FE8E156950}.Debug|Any CPU.ActiveCfg = Debug|Any CPU
		{393BE261-642E-4392-BDDF-39FE8E156950}.Debug|Any CPU.Build.0 = Debug|Any CPU
		{393BE261-642E-4392-BDDF-39FE8E156950}.Release|Any CPU.ActiveCfg = Release|Any CPU
		{393BE261-642E-4392-BDDF-39FE8E156950}.Release|Any CPU.Build.0 = Release|Any CPU
		{C6FCBF5B-79FD-4940-9070-1FCE8BC52595}.Debug|Any CPU.ActiveCfg = Debug|Any CPU
		{C6FCBF5B-79FD-4940-9070-1FCE8BC52595}.Debug|Any CPU.Build.0 = Debug|Any CPU
		{C6FCBF5B-79FD-4940-9070-1FCE8BC52595}.Release|Any CPU.ActiveCfg = Release|Any CPU
		{C6FCBF5B-79FD-4940-9070-1FCE8BC52595}.Release|Any CPU.Build.0 = Release|Any CPU
		{FDE00C47-9C16-4090-932F-791DFAC811D4}.Debug|Any CPU.ActiveCfg = Debug|Any CPU
		{FDE00C47-9C16-4090-932F-791DFAC811D4}.Debug|Any CPU.Build.0 = Debug|Any CPU
		{FDE00C47-9C16-4090-932F-791DFAC811D4}.Release|Any CPU.ActiveCfg = Release|Any CPU
		{FDE00C47-9C16-4090-932F-791DFAC811D4}.Release|Any CPU.Build.0 = Release|Any CPU
		{7AE78B1A-A8D6-400A-A365-B63810741978}.Debug|Any CPU.ActiveCfg = Debug|Any CPU
		{7AE78B1A-A8D6-400A-A365-B63810741978}.Debug|Any CPU.Build.0 = Debug|Any CPU
		{7AE78B1A-A8D6-400A-A365-B63810741978}.Release|Any CPU.ActiveCfg = Release|Any CPU
		{7AE78B1A-A8D6-400A-A365-B63810741978}.Release|Any CPU.Build.0 = Release|Any CPU
		{35C09739-F5AD-4659-AA22-D0C0F82084DC}.Debug|Any CPU.ActiveCfg = Debug|Any CPU
		{35C09739-F5AD-4659-AA22-D0C0F82084DC}.Debug|Any CPU.Build.0 = Debug|Any CPU
		{35C09739-F5AD-4659-AA22-D0C0F82084DC}.Release|Any CPU.ActiveCfg = Release|Any CPU
		{35C09739-F5AD-4659-AA22-D0C0F82084DC}.Release|Any CPU.Build.0 = Release|Any CPU
		{768E3918-E710-49B6-88DC-1FEC641C9C05}.Debug|Any CPU.ActiveCfg = Debug|Any CPU
		{768E3918-E710-49B6-88DC-1FEC641C9C05}.Debug|Any CPU.Build.0 = Debug|Any CPU
		{768E3918-E710-49B6-88DC-1FEC641C9C05}.Release|Any CPU.ActiveCfg = Release|Any CPU
		{768E3918-E710-49B6-88DC-1FEC641C9C05}.Release|Any CPU.Build.0 = Release|Any CPU
		{55ECD352-3086-4A2E-89EC-7AEB287E4B72}.Debug|Any CPU.ActiveCfg = Debug|Any CPU
		{55ECD352-3086-4A2E-89EC-7AEB287E4B72}.Debug|Any CPU.Build.0 = Debug|Any CPU
		{55ECD352-3086-4A2E-89EC-7AEB287E4B72}.Release|Any CPU.ActiveCfg = Release|Any CPU
		{55ECD352-3086-4A2E-89EC-7AEB287E4B72}.Release|Any CPU.Build.0 = Release|Any CPU
		{467E5E91-5B4D-4C7C-B45F-D468C274C1BA}.Debug|Any CPU.ActiveCfg = Debug|Any CPU
		{467E5E91-5B4D-4C7C-B45F-D468C274C1BA}.Debug|Any CPU.Build.0 = Debug|Any CPU
		{467E5E91-5B4D-4C7C-B45F-D468C274C1BA}.Release|Any CPU.ActiveCfg = Release|Any CPU
		{467E5E91-5B4D-4C7C-B45F-D468C274C1BA}.Release|Any CPU.Build.0 = Release|Any CPU
		{F98DF358-C19B-42EA-9711-A97BF0D8C046}.Debug|Any CPU.ActiveCfg = Debug|Any CPU
		{F98DF358-C19B-42EA-9711-A97BF0D8C046}.Debug|Any CPU.Build.0 = Debug|Any CPU
		{F98DF358-C19B-42EA-9711-A97BF0D8C046}.Release|Any CPU.ActiveCfg = Release|Any CPU
		{F98DF358-C19B-42EA-9711-A97BF0D8C046}.Release|Any CPU.Build.0 = Release|Any CPU
		{C1523333-F7D5-4BA4-B009-BFA4E557F3E2}.Debug|Any CPU.ActiveCfg = Debug|Any CPU
		{C1523333-F7D5-4BA4-B009-BFA4E557F3E2}.Debug|Any CPU.Build.0 = Debug|Any CPU
		{C1523333-F7D5-4BA4-B009-BFA4E557F3E2}.Release|Any CPU.ActiveCfg = Release|Any CPU
		{C1523333-F7D5-4BA4-B009-BFA4E557F3E2}.Release|Any CPU.Build.0 = Release|Any CPU
	EndGlobalSection
	GlobalSection(SolutionProperties) = preSolution
		HideSolutionNode = FALSE
	EndGlobalSection
	GlobalSection(NestedProjects) = preSolution
		{FE4470C5-8653-4A23-9C64-93DF927D354F} = {1E1E8365-5FD4-473C-B077-9BE9A5FF21B3}
		{ED09D417-8C7F-4D15-9B09-4AD52278D22E} = {1E1E8365-5FD4-473C-B077-9BE9A5FF21B3}
		{0BCD285D-E73A-4D3F-BEC7-4D63D1EA8D7D} = {FE4470C5-8653-4A23-9C64-93DF927D354F}
		{CB568595-9A1C-4772-B644-F13D4DB4F6E1} = {ED09D417-8C7F-4D15-9B09-4AD52278D22E}
		{A7770DBD-65C9-4C6C-AEA9-DBF6CA590B3D} = {1E1E8365-5FD4-473C-B077-9BE9A5FF21B3}
		{9BE532C0-0CCF-4FC8-947D-48FBBA03926A} = {D24E31C8-6539-4F31-AE93-CEB7443BE79B}
		{C069DFB3-B573-4C64-8B69-B05696981024} = {D24E31C8-6539-4F31-AE93-CEB7443BE79B}
		{3C1A93E9-23AC-426C-9AE4-4B1BB231B83A} = {FE4470C5-8653-4A23-9C64-93DF927D354F}
		{AC5B67F7-22AB-4300-8155-671B07A3B500} = {0BCD285D-E73A-4D3F-BEC7-4D63D1EA8D7D}
		{F3943DD2-8ED4-4560-A197-5A7AF056618D} = {0BCD285D-E73A-4D3F-BEC7-4D63D1EA8D7D}
		{20C3E4CD-0328-48D1-978C-9B3A8A7E3DF2} = {0BCD285D-E73A-4D3F-BEC7-4D63D1EA8D7D}
		{3DC40CE4-B836-492C-8F53-B37E5AD789E4} = {9BE532C0-0CCF-4FC8-947D-48FBBA03926A}
		{C0296476-A43B-44E8-85B4-9D4D73EA0A5C} = {9BE532C0-0CCF-4FC8-947D-48FBBA03926A}
		{31FFFF03-A9D5-426D-8279-971B9768F6E3} = {3C1A93E9-23AC-426C-9AE4-4B1BB231B83A}
		{51C1A189-A0E7-4A7F-8A7E-2840AA8B9A9B} = {3C1A93E9-23AC-426C-9AE4-4B1BB231B83A}
		{1C11652C-FADC-4D74-928A-D462BA20C195} = {FE4470C5-8653-4A23-9C64-93DF927D354F}
		{7F35BF5E-D584-4445-A1BF-314A9F52331F} = {3C1A93E9-23AC-426C-9AE4-4B1BB231B83A}
		{C3FEDC01-1837-4615-B9A9-6ED513C4DB2D} = {1C11652C-FADC-4D74-928A-D462BA20C195}
		{39CDFCAF-4B26-4FA0-800C-524339DA6C63} = {1C11652C-FADC-4D74-928A-D462BA20C195}
		{3B10BD30-B55A-415D-84BA-7797EC583C0E} = {1C11652C-FADC-4D74-928A-D462BA20C195}
		{393BE261-642E-4392-BDDF-39FE8E156950} = {1C11652C-FADC-4D74-928A-D462BA20C195}
		{D89800EF-B6D8-4FF7-B967-1D44825A1DA8} = {FE4470C5-8653-4A23-9C64-93DF927D354F}
		{C6FCBF5B-79FD-4940-9070-1FCE8BC52595} = {D89800EF-B6D8-4FF7-B967-1D44825A1DA8}
		{FDE00C47-9C16-4090-932F-791DFAC811D4} = {D89800EF-B6D8-4FF7-B967-1D44825A1DA8}
		{7AE78B1A-A8D6-400A-A365-B63810741978} = {D89800EF-B6D8-4FF7-B967-1D44825A1DA8}
		{35C09739-F5AD-4659-AA22-D0C0F82084DC} = {D89800EF-B6D8-4FF7-B967-1D44825A1DA8}
		{11572D68-CD7F-4AA1-964E-610A412A00F8} = {1E1E8365-5FD4-473C-B077-9BE9A5FF21B3}
		{768E3918-E710-49B6-88DC-1FEC641C9C05} = {11572D68-CD7F-4AA1-964E-610A412A00F8}
		{55ECD352-3086-4A2E-89EC-7AEB287E4B72} = {A7770DBD-65C9-4C6C-AEA9-DBF6CA590B3D}
		{467E5E91-5B4D-4C7C-B45F-D468C274C1BA} = {A7770DBD-65C9-4C6C-AEA9-DBF6CA590B3D}
		{F98DF358-C19B-42EA-9711-A97BF0D8C046} = {A7770DBD-65C9-4C6C-AEA9-DBF6CA590B3D}
		{C1523333-F7D5-4BA4-B009-BFA4E557F3E2} = {A7770DBD-65C9-4C6C-AEA9-DBF6CA590B3D}
	EndGlobalSection
	GlobalSection(ExtensibilityGlobals) = postSolution
		SolutionGuid = {A7D39253-FB39-4D34-B4D8-611129A52908}
	EndGlobalSection
EndGlobal
